{
  "name": "@writetome51/get-in-ascending-order",
  "version": "1.0.5",
  "lockfileVersion": 1,
  "requires": true,
  "dependencies": {
    "@writetome51/array-get-copy": {
      "version": "1.1.2",
      "resolved": "https://registry.npmjs.org/@writetome51/array-get-copy/-/array-get-copy-1.1.2.tgz",
      "integrity": "sha512-4qBC/5VlNe22PK8Ec0rilDCo1Q0vzGxsEGMRgw3Jojft1E/39psIm5C4ecnaJtYCWqF+fc76I2Q1ZqTEoyXphQ==",
      "requires": {
        "@writetome51/array-get-merged-arrays": "~1.1.2",
        "basic-data-handling": "~1.0.15"
      }
    },
    "@writetome51/array-get-merged-arrays": {
      "version": "1.1.2",
      "resolved": "https://registry.npmjs.org/@writetome51/array-get-merged-arrays/-/array-get-merged-arrays-1.1.2.tgz",
      "integrity": "sha512-FBi1hLxhDXU2uNhMMaZwZD5uVownQ7EdfBkn0RljdkkfUsMB+PvIOpgx3uh2WYlZWWr8KMPAMPkatgT+uxdK8w==",
      "requires": {
        "basic-data-handling": "~1.0.15"
      }
    },
    "@writetome51/array-get-shuffled": {
      "version": "1.0.5",
      "resolved": "https://registry.npmjs.org/@writetome51/array-get-shuffled/-/array-get-shuffled-1.0.5.tgz",
      "integrity": "sha512-NECcZYGe3nMx+oRTda100kxsRbgRSc6q9Rrp2e6pK4g0XJmbr9mDKwomNRVirFiXfwqGrni2RH2gr3AzGBpsxg==",
      "dev": true,
      "requires": {
        "@writetome51/array-get-copy": "~1.1.2",
        "@writetome51/get-random-integer-s": "~1.0.4"
      }
    },
    "@writetome51/get-left-of-decimal": {
      "version": "1.0.4",
      "resolved": "https://registry.npmjs.org/@writetome51/get-left-of-decimal/-/get-left-of-decimal-1.0.4.tgz",
      "integrity": "sha512-7JYs3MAGAfkC098odGFcaBSVduoXfgEZuq5/Jwvj7ED+ip5iwNHu30NFphZlAR/iY66+zeLi3uGlBTJCVwqong==",
      "dev": true,
      "requires": {
        "basic-data-handling": "~1.0.15"
      }
    },
    "@writetome51/get-random-integer-s": {
      "version": "1.0.4",
      "resolved": "https://registry.npmjs.org/@writetome51/get-random-integer-s/-/get-random-integer-s-1.0.4.tgz",
      "integrity": "sha512-I9gwZNOUfpLVha6vj8hknylzCXmuCORtL4cJL6Rya7Iy7alZvrgJFs0F0KCuNY5NJ0quIi2kYwnRvWN58ZgI/Q==",
      "dev": true,
      "requires": {
        "@writetome51/get-rounded-up-down": "~1.0.9",
        "@writetome51/in-range": "~1.0.3",
        "basic-data-handling": "~1.0.15",
        "error-if-not-populated-array": "~1.0.1"
      }
    },
    "@writetome51/get-rounded-up-down": {
      "version": "1.0.9",
      "resolved": "https://registry.npmjs.org/@writetome51/get-rounded-up-down/-/get-rounded-up-down-1.0.9.tgz",
      "integrity": "sha512-4NV4xMOsF+PvZiNCdW/UJm+cM5hLTjLYKSlUcIbMauzHL6sgNdnfg678WuCWcxrOP2pLpz6riY4vJa0cgLOzQA==",
      "dev": true,
      "requires": {
        "@writetome51/get-left-of-decimal": "~1.0.4",
        "basic-data-handling": "~1.0.15"
      }
    },
    "@writetome51/get-sum-average-product": {
      "version": "1.0.5",
      "resolved": "https://registry.npmjs.org/@writetome51/get-sum-average-product/-/get-sum-average-product-1.0.5.tgz",
      "integrity": "sha512-+R714ufiUFym5P3C6/sJy2LYLAhSwC7Q9v3Vl4vO/nVvC0xW4daX+jCkYQ8jTU6HutTDvlfI8vqIfCiFoB2Ldw==",
      "requires": {
        "error-if-array-item-is-not-number": "~1.0.4",
        "error-if-not-populated-array": "~1.0.1"
      }
    },
    "@writetome51/in-ascending-order": {
      "version": "1.0.2",
      "resolved": "https://registry.npmjs.org/@writetome51/in-ascending-order/-/in-ascending-order-1.0.2.tgz",
      "integrity": "sha512-KJGsVogxYfu89Kzq0+go3yEqFF4pRKV2hDz9jlXQoE6hMOvrzjm29ed65RpjsR7T2TiZPEhLGyM8GCOHPamSNg==",
      "requires": {
        "error-if-array-item-is-not-number": "~1.0.4",
        "error-if-not-populated-array": "~1.0.1"
      }
    },
    "@writetome51/in-range": {
      "version": "1.0.3",
      "resolved": "https://registry.npmjs.org/@writetome51/in-range/-/in-range-1.0.3.tgz",
      "integrity": "sha512-ec6cHmz0Km7RlBb6ya3y535p0gTLCTqycVw+IERiKgeIrNW+7X1rxSSsvOY1iXBFtRWpUx8yGGzEGE02o4sOBg==",
      "dev": true,
      "requires": {
        "basic-data-handling": "~1.0.15"
      }
    },
    "@writetome51/not": {
      "version": "1.0.4",
      "resolved": "https://registry.npmjs.org/@writetome51/not/-/not-1.0.4.tgz",
      "integrity": "sha512-SLkliFCiR73ChN8LvhAwFJikxgjVrl7vFlIh280eXpHUPts2IUto20chm9SSO7NVDp9g45WW/5st1bz643VXzg=="
    },
    "basic-data-handling": {
      "version": "1.0.15",
      "resolved": "https://registry.npmjs.org/basic-data-handling/-/basic-data-handling-1.0.15.tgz",
      "integrity": "sha512-HyXRwPTfhKacukW4mMJl+3IsFC+5NzMr9flzp+XBJhHol0eAZzLxYqP7w3Cme3cziKcshzoO7Zf/9C+bewJWpA=="
    },
    "error-if-array-item-is-not-number": {
      "version": "1.0.4",
      "resolved": "https://registry.npmjs.org/error-if-array-item-is-not-number/-/error-if-array-item-is-not-number-1.0.4.tgz",
      "integrity": "sha512-DuEEqU8PaUEjx2jsBUQYo6HwR+XH5bil0A8lz3kO5ZkJ36jS/ufOX8w4jiiOgdqpmq1pAmm/moRD6Bk5nedEDQ==",
      "requires": {
        "@writetome51/not": "~1.0.3",
        "basic-data-handling": "~1.0.13"
      }
    },
    "error-if-not-populated-array": {
      "version": "1.0.1",
      "resolved": "https://registry.npmjs.org/error-if-not-populated-array/-/error-if-not-populated-array-1.0.1.tgz",
      "integrity": "sha512-XKN0WUVUNrDOsB1PuBRQJ4/tVOeFceioLm+QPOpCkQaZlD9vVYZf+pRrFIoiqzVno7bx7AI2lNIfMWf7gRarvg==",
      "requires": {
        "basic-data-handling": "~1.0.13"
      }
    }
  }
}
