{
  "name": "@writetome51/get-in-ascending-order",
  "version": "1.0.4",
  "lockfileVersion": 1,
  "requires": true,
  "dependencies": {
    "@writetome51/array-get-copy": {
      "version": "1.1.1",
      "resolved": "https://registry.npmjs.org/@writetome51/array-get-copy/-/array-get-copy-1.1.1.tgz",
      "integrity": "sha512-tByj8yi8qttZ7zs3PUJDe5ywAGw1r5zUvaIdSdyVqftbwK+sNNUxRCRxmrG1msseRZLjdy0bRYn1Go4wDbLYpw==",
      "requires": {
        "@writetome51/array-get-merged-arrays": "~1.1.0",
        "basic-data-handling": "~1.0.13"
      }
    },
    "@writetome51/array-get-merged-arrays": {
      "version": "1.1.1",
      "resolved": "https://registry.npmjs.org/@writetome51/array-get-merged-arrays/-/array-get-merged-arrays-1.1.1.tgz",
      "integrity": "sha512-lLVBzAKcvq1xeHXACBcGgmkCAUFHuncYg6ARqjAwtYUIOK74XLPD8cRF+f2Ft0PODELLYGtyFtvmncjEec0arQ==",
      "requires": {
        "basic-data-handling": "~1.0.13"
      }
    },
    "@writetome51/array-get-shuffled": {
      "version": "1.0.4",
      "resolved": "https://registry.npmjs.org/@writetome51/array-get-shuffled/-/array-get-shuffled-1.0.4.tgz",
      "integrity": "sha512-of4KALQtQk7P8WjbFDU1JDmOtb+jh81RG/cMh/JgUXm713I8TY/bP5LNLjEo6T/VVT8WkHtd0si/9kcvAHhZlw==",
      "dev": true,
      "requires": {
        "@writetome51/array-get-copy": "~1.1.0",
        "@writetome51/get-random-integer-s": "~1.0.2"
      }
    },
    "@writetome51/get-left-of-decimal": {
      "version": "1.0.3",
      "resolved": "https://registry.npmjs.org/@writetome51/get-left-of-decimal/-/get-left-of-decimal-1.0.3.tgz",
      "integrity": "sha512-SNsEETSqHEpW2ONAESgRT1ek6/6y2FHYQqKEfYJzisTJ//41KQbZxwGLFZOuIM+xoMnuD/kBDED90/Ngm9n2Ug==",
      "dev": true,
      "requires": {
        "basic-data-handling": "~1.0.13"
      }
    },
    "@writetome51/get-random-integer-s": {
      "version": "1.0.3",
      "resolved": "https://registry.npmjs.org/@writetome51/get-random-integer-s/-/get-random-integer-s-1.0.3.tgz",
      "integrity": "sha512-a+GudMl4jvi8mab88r5OeacKHDrTxndac4zkVcguMSDcbd0JWlFKpofKJad5Ea2dfC2E44o+K8xcF7c6nhRqmA==",
      "dev": true,
      "requires": {
        "@writetome51/get-rounded-up-down": "~1.0.7",
        "@writetome51/in-range": "~1.0.2",
        "basic-data-handling": "~1.0.13",
        "error-if-not-populated-array": "~1.0.1"
      }
    },
    "@writetome51/get-rounded-up-down": {
      "version": "1.0.8",
      "resolved": "https://registry.npmjs.org/@writetome51/get-rounded-up-down/-/get-rounded-up-down-1.0.8.tgz",
      "integrity": "sha512-s8VwxarGGFG+2M0osWxCob5/a8Pe1YEaNlQS16NlxQuQOR7NiUzWLEf3cHAf12ZtFLjK220IZ/jcCI7P8bNU5Q==",
      "dev": true,
      "requires": {
        "@writetome51/get-left-of-decimal": "~1.0.3",
        "basic-data-handling": "~1.0.13"
      }
    },
    "@writetome51/get-sum-average-product": {
      "version": "1.0.4",
      "resolved": "https://registry.npmjs.org/@writetome51/get-sum-average-product/-/get-sum-average-product-1.0.4.tgz",
      "integrity": "sha512-vuxwZ58WqsnFKFwFJ7NQr6ZlT2IVEK7dBF6x/Ej7/3XCqDgUl8+SU/RA4kN8CHgnlHJxy3LxgTmZOqTAAcAQuQ==",
      "requires": {
        "error-if-array-item-is-not-number": "~1.0.3",
        "error-if-not-populated-array": "~1.0.0"
      }
    },
    "@writetome51/in-ascending-order": {
      "version": "1.0.1",
      "resolved": "https://registry.npmjs.org/@writetome51/in-ascending-order/-/in-ascending-order-1.0.1.tgz",
      "integrity": "sha512-C4LY77QCEQpH1LuCrUUNL5cyY10Tv2Q2cIfl7+B5IQ2DypoF4mjTld0VdqNmB0EDHpG0xWHQSEbweY4K/qIzPQ==",
      "requires": {
        "error-if-array-item-is-not-number": "~1.0.3",
        "error-if-not-populated-array": "~1.0.0"
      }
    },
    "@writetome51/in-range": {
      "version": "1.0.2",
      "resolved": "https://registry.npmjs.org/@writetome51/in-range/-/in-range-1.0.2.tgz",
      "integrity": "sha512-bDgyG4lVuWfWaA7dGQWE9Jrw5KvMRwvCLxHmNUJ1leOzAgyo/Jl3pLKOCb9z8L6NKB4fXhDjj63fjEjVW3dQiQ==",
      "dev": true,
      "requires": {
        "basic-data-handling": "~1.0.13"
      }
    },
    "@writetome51/not": {
      "version": "1.0.3",
      "resolved": "https://registry.npmjs.org/@writetome51/not/-/not-1.0.3.tgz",
      "integrity": "sha512-MJrh50byG0cBuqhrSRMYxGGmYr5BVb7T6OmFeqL8pFuNUFh/lUIXFXScsYM0jlVYmKDhnYJg+QZTOFvvCdzuRw=="
    },
    "basic-data-handling": {
      "version": "1.0.15",
      "resolved": "https://registry.npmjs.org/basic-data-handling/-/basic-data-handling-1.0.15.tgz",
      "integrity": "sha512-HyXRwPTfhKacukW4mMJl+3IsFC+5NzMr9flzp+XBJhHol0eAZzLxYqP7w3Cme3cziKcshzoO7Zf/9C+bewJWpA=="
    },
    "error-if-array-item-is-not-number": {
      "version": "1.0.4",
      "resolved": "https://registry.npmjs.org/error-if-array-item-is-not-number/-/error-if-array-item-is-not-number-1.0.4.tgz",
      "integrity": "sha512-DuEEqU8PaUEjx2jsBUQYo6HwR+XH5bil0A8lz3kO5ZkJ36jS/ufOX8w4jiiOgdqpmq1pAmm/moRD6Bk5nedEDQ==",
      "requires": {
        "@writetome51/not": "~1.0.3",
        "basic-data-handling": "~1.0.13"
      }
    },
    "error-if-not-populated-array": {
      "version": "1.0.1",
      "resolved": "https://registry.npmjs.org/error-if-not-populated-array/-/error-if-not-populated-array-1.0.1.tgz",
      "integrity": "sha512-XKN0WUVUNrDOsB1PuBRQJ4/tVOeFceioLm+QPOpCkQaZlD9vVYZf+pRrFIoiqzVno7bx7AI2lNIfMWf7gRarvg==",
      "requires": {
        "basic-data-handling": "~1.0.13"
      }
    }
  }
}
