{
  "name": "@writetome51/get-in-numeric-order",
  "version": "2.0.3",
  "lockfileVersion": 1,
  "requires": true,
  "dependencies": {
    "@arr/every": {
      "version": "1.0.1",
      "resolved": "https://registry.npmjs.org/@arr/every/-/every-1.0.1.tgz",
      "integrity": "sha512-UQFQ6SgyJ6LX42W8rHCs8KVc0JS0tzVL9ct4XYedJukskYVWTo49tNiMEK9C2HTyarbNiT/RVIRSY82vH+6sTg==",
      "dev": true
    },
    "@writetome51/array-get-adjacent-at": {
      "version": "2.0.2",
      "resolved": "https://registry.npmjs.org/@writetome51/array-get-adjacent-at/-/array-get-adjacent-at-2.0.2.tgz",
      "integrity": "sha512-7nbnQwJnyWgxc19CpZkuHhP1ttKXG5xx3aIIprss/CYZdqLnUQZOCtplyl0IrqaFI9LXXspJ9X7tIj+50yFp6w==",
      "dev": true,
      "requires": {
        "error-if-array-too-short-to-meet-adjacent-items-request": "^2.0.0",
        "error-if-index-how-many-or-array-are-not-valid": "^2.0.1"
      }
    },
    "@writetome51/array-get-shuffled": {
      "version": "2.0.1",
      "resolved": "https://registry.npmjs.org/@writetome51/array-get-shuffled/-/array-get-shuffled-2.0.1.tgz",
      "integrity": "sha512-yawhKNT711U9xUYtMGBl03DGdzbrOEdUfl5gx/05UqXSPTlfzJ+HnZRRMY5u22ptQ6kkcq3cSsvDRD4cO8QIuw==",
      "dev": true,
      "requires": {
        "@writetome51/get-arr-filled": "^0.0.2",
        "@writetome51/get-array-copy": "^1.0.0",
        "@writetome51/get-random-integer-s": "^2.0.0"
      }
    },
    "@writetome51/arrays-match": {
      "version": "2.0.1",
      "resolved": "https://registry.npmjs.org/@writetome51/arrays-match/-/arrays-match-2.0.1.tgz",
      "integrity": "sha512-JGaTMqqvhVyRPQQpK1Ks+3jlLMb3nXpxnSCul5UwXIy88SG6bXw8/oq+SsX+MsjqiUlub6oLNIg4r889rluBOw==",
      "dev": true,
      "requires": {
        "@arr/every": "^1.0.1",
        "@writetome51/is-array-not-array": "^2.0.0",
        "@writetome51/is-empty-not-empty": "^2.0.1",
        "error-if-values-are-not-arrays": "^2.0.1"
      }
    },
    "@writetome51/get-arr-filled": {
      "version": "0.0.2",
      "resolved": "https://registry.npmjs.org/@writetome51/get-arr-filled/-/get-arr-filled-0.0.2.tgz",
      "integrity": "sha512-w2FPc2N+qGHr6mNQsOkuv+3sBvv03Ki5LeIW1Vq5A/mba4E1VrdjrwA7pAwkd6stcsuMqlI3+wrcjJ4usAQaSw==",
      "dev": true
    },
    "@writetome51/get-array-copy": {
      "version": "1.0.0",
      "resolved": "https://registry.npmjs.org/@writetome51/get-array-copy/-/get-array-copy-1.0.0.tgz",
      "integrity": "sha512-t2E8n/80SE9k6WUq6ovDXnKTRPcbMM0qqu738wTASSW8bbBKEWhZ8oF+hX5xCjP0EWkRln5BzN/6tztaMVgdAA==",
      "requires": {
        "error-if-not-array": "^2.0.0"
      }
    },
    "@writetome51/get-left-of-decimal": {
      "version": "2.0.0",
      "resolved": "https://registry.npmjs.org/@writetome51/get-left-of-decimal/-/get-left-of-decimal-2.0.0.tgz",
      "integrity": "sha512-dGgsOIIQ7ynIXe4dWyPShfebmfxEjaFMD7Mdsodka+OQEvdBrFvtkIDqQttMGo7l0JXz1bs321LdCgorxhuAZw==",
      "dev": true,
      "requires": {
        "error-if-not-finite-number": "^2.0.0"
      }
    },
    "@writetome51/get-random-integer-s": {
      "version": "2.0.0",
      "resolved": "https://registry.npmjs.org/@writetome51/get-random-integer-s/-/get-random-integer-s-2.0.0.tgz",
      "integrity": "sha512-O5Mm7QDN+h4RO5sfUWLQju3mq5e8BS4rmegUtjKihtuAhWRGkHkEBvk0tJeW7Aw4l0J8gCSQcH8/S0o50IlLag==",
      "dev": true,
      "requires": {
        "@writetome51/get-rounded-up-down": "^2.0.0",
        "@writetome51/is-integer-is-float": "^2.0.0",
        "error-if-length-is-zero": "^1.0.1",
        "error-if-not-integer-zero-or-greater": "^2.0.0"
      }
    },
    "@writetome51/get-rounded-up-down": {
      "version": "2.0.0",
      "resolved": "https://registry.npmjs.org/@writetome51/get-rounded-up-down/-/get-rounded-up-down-2.0.0.tgz",
      "integrity": "sha512-YN+fZtfCEI3OE1+Nzyanvp8/MSculkYdwC7VoccGt+7N1Oi1brwpsVbQnuQfvvcgH9zJ5qmYrmbVl129duPw5w==",
      "dev": true,
      "requires": {
        "@writetome51/get-left-of-decimal": "^2.0.0",
        "@writetome51/is-integer-is-float": "^2.0.0",
        "error-if-not-finite-number": "^2.0.0"
      }
    },
    "@writetome51/index-is-valid": {
      "version": "2.0.0",
      "resolved": "https://registry.npmjs.org/@writetome51/index-is-valid/-/index-is-valid-2.0.0.tgz",
      "integrity": "sha512-Nmed46ugpEwI+q+k7Zy4XH8yL4IuMZA2FkCzVCE+qS0p+h9VmUwBXclF4FYUx1Io7l5Vvtvyj5IyzPZOHDnR9Q==",
      "dev": true,
      "requires": {
        "error-if-not-integer": "^2.0.0"
      }
    },
    "@writetome51/is-array-not-array": {
      "version": "2.0.0",
      "resolved": "https://registry.npmjs.org/@writetome51/is-array-not-array/-/is-array-not-array-2.0.0.tgz",
      "integrity": "sha512-IVc3BgxLuBsSPzteYbwpgOYyqP0DjpIMsPbjSOrCeMAGvJhojLBiBkw/I70faMs6iuPalOklfGm60XcRU7aZ3g==",
      "dev": true
    },
    "@writetome51/is-empty-not-empty": {
      "version": "2.0.1",
      "resolved": "https://registry.npmjs.org/@writetome51/is-empty-not-empty/-/is-empty-not-empty-2.0.1.tgz",
      "integrity": "sha512-wpB7AUlNywDhEjlsZZNRBAsp+55458Ot6A7tcr8maAR9+6YS62hYFapn/Ko6jjF9P4FlDKlrMyEPiGnF8b1rbQ==",
      "dev": true,
      "requires": {
        "error-if-not-finite-number": "^2.0.0"
      }
    },
    "@writetome51/is-finite-number": {
      "version": "2.0.0",
      "resolved": "https://registry.npmjs.org/@writetome51/is-finite-number/-/is-finite-number-2.0.0.tgz",
      "integrity": "sha512-mVQxcMuSjRZvG2MxM4KFerGLNuhaeoVR7vC6itSnx/DNTENm0YHPNqh4E7FqjMt94pnis/iwhSnSpKouf88CDA==",
      "dev": true
    },
    "@writetome51/is-integer-is-float": {
      "version": "2.0.0",
      "resolved": "https://registry.npmjs.org/@writetome51/is-integer-is-float/-/is-integer-is-float-2.0.0.tgz",
      "integrity": "sha512-5SbWU1X1mAqm4expj+/g0+j5oQojH0JTa9uDwALpsZHgZZ2wkRGwqI0pvWLAw1BVCOWhPycC1AMjGCj/ZnfN0g==",
      "dev": true,
      "requires": {
        "@writetome51/is-finite-number": "^2.0.0"
      }
    },
    "error-if-array-too-short-to-meet-adjacent-items-request": {
      "version": "2.0.0",
      "resolved": "https://registry.npmjs.org/error-if-array-too-short-to-meet-adjacent-items-request/-/error-if-array-too-short-to-meet-adjacent-items-request-2.0.0.tgz",
      "integrity": "sha512-VJl7jkZ6tS0ahw4qlMlvlLMhMmml8oSdWmQn9Eanuo6iNr302aNkeF3IwnCdprUcmRw/3a2vZFVM3fJBW262fw==",
      "dev": true
    },
    "error-if-index-how-many-or-array-are-not-valid": {
      "version": "2.0.1",
      "resolved": "https://registry.npmjs.org/error-if-index-how-many-or-array-are-not-valid/-/error-if-index-how-many-or-array-are-not-valid-2.0.1.tgz",
      "integrity": "sha512-FsBclMV37Q/ULCQf1t1gxHAgQP2SZIR8eo23VktcVCTZbjtDuiSzHKhDjHJEFK2/1I1uTUF4O+cfK/+xlpZCgQ==",
      "dev": true,
      "requires": {
        "error-if-index-not-valid": "^2.0.0",
        "error-if-not-array": "^2.0.0",
        "error-if-not-integer": "^2.0.0"
      }
    },
    "error-if-index-not-valid": {
      "version": "2.0.0",
      "resolved": "https://registry.npmjs.org/error-if-index-not-valid/-/error-if-index-not-valid-2.0.0.tgz",
      "integrity": "sha512-YHcWv6Iwuhc+rTJrCwdbMMEP3cR9lPDzAfAPHJotdCXxFmyV9k+PtcFrc6CHrf4KU9AG8FLQ0SZ1wb+iZtUZRQ==",
      "dev": true,
      "requires": {
        "@writetome51/index-is-valid": "^2.0.0"
      }
    },
    "error-if-length-is-zero": {
      "version": "1.0.1",
      "resolved": "https://registry.npmjs.org/error-if-length-is-zero/-/error-if-length-is-zero-1.0.1.tgz",
      "integrity": "sha512-UB2bqtLZ9lpexrsjQbH6UkdBJpmeesBQZHGEYwOFoiKReRuQlG/cODCOMNY+Fq8EFyeF1gg99eMSjdztqUEQqA==",
      "dev": true
    },
    "error-if-not-array": {
      "version": "2.0.0",
      "resolved": "https://registry.npmjs.org/error-if-not-array/-/error-if-not-array-2.0.0.tgz",
      "integrity": "sha512-kBAYpWy9xGjELgGqmS2QPbRJPXfacAxBwgitXIwMEglY0p3C2p4++sf3uDszXaDoy4cwgGrFj+FkthsxQFh/ag=="
    },
    "error-if-not-finite-number": {
      "version": "2.0.0",
      "resolved": "https://registry.npmjs.org/error-if-not-finite-number/-/error-if-not-finite-number-2.0.0.tgz",
      "integrity": "sha512-CBxJ+SqnHf1uVCQ9v8777aEC6UxQ3NNoSjDrOgr3iaT9m7LxUf9vFwKBPONTLfGnWFVCirH6KdHNTI2+4lT8cQ==",
      "dev": true,
      "requires": {
        "@writetome51/is-finite-number": "^2.0.0"
      }
    },
    "error-if-not-integer": {
      "version": "2.0.0",
      "resolved": "https://registry.npmjs.org/error-if-not-integer/-/error-if-not-integer-2.0.0.tgz",
      "integrity": "sha512-jCDTtwK4fZVn0DNJKXYCynF/B+AUG9Ge3snFw4fq2nYzT1c1uTeWvPDXxRT4OKpNjIeOUhxzJmqb4KLwLETjQg==",
      "dev": true,
      "requires": {
        "@writetome51/is-integer-is-float": "^2.0.0",
        "error-if-not-finite-number": "^2.0.0"
      }
    },
    "error-if-not-integer-zero-or-greater": {
      "version": "2.0.0",
      "resolved": "https://registry.npmjs.org/error-if-not-integer-zero-or-greater/-/error-if-not-integer-zero-or-greater-2.0.0.tgz",
      "integrity": "sha512-xWxRI6EsaSCSC9WYVyQEUw3W23pvJ6gFh2vRi4L25csGOsKw7sW3FtK3FQNN2QhKmzQaZqJVbfhpLbTvSoG4GQ==",
      "dev": true,
      "requires": {
        "error-if-not-integer": "^2.0.0"
      }
    },
    "error-if-values-are-not-arrays": {
      "version": "2.0.1",
      "resolved": "https://registry.npmjs.org/error-if-values-are-not-arrays/-/error-if-values-are-not-arrays-2.0.1.tgz",
      "integrity": "sha512-DiK9y6+4toBSg1glPr0yTkI7SfaFo4FCVyNuLaKLuuH++z10XnVE/zV2m+sAw1QWL7RlhxFJU1/SnkwFWker7g==",
      "dev": true,
      "requires": {
        "error-if-not-array": "^2.0.0"
      }
    },
    "timsort": {
      "version": "0.3.0",
      "resolved": "https://registry.npmjs.org/timsort/-/timsort-0.3.0.tgz",
      "integrity": "sha1-QFQRqOfmM5/mTbmiNN4R3DHgK9Q="
    }
  }
}
